
Microsoft Visual Studio Solution File, Format Version 12.00
# Visual Studio Version 17
VisualStudioVersion = 17.1.32407.343
MinimumVisualStudioVersion = 10.0.40219.1
Project("{9A19103F-16F7-4668-BE54-9A1E7A4F7556}") = "ICT.DAL.DB", "ICT.DAL.DB\ICT.DAL.DB.csproj", "{3F67C62B-0E49-45B6-953A-EB116523282F}"
EndProject
Project("{9A19103F-16F7-4668-BE54-9A1E7A4F7556}") = "ICT.MM.DAL.DB", "ICT.MM.DAL.DB\ICT.MM.DAL.DB.csproj", "{889184E5-123E-4772-BCE0-771DB499A96B}"
EndProject
Project("{9A19103F-16F7-4668-BE54-9A1E7A4F7556}") = "ICT.MM.BLL", "ICT.MM.BLL\ICT.MM.BLL.csproj", "{417A0F2E-8A4B-4673-8C12-3CD33F670BB2}"
	ProjectSection(ProjectDependencies) = postProject
		{9E4BBDC4-CFC1-4829-9B96-71A91CA1A224} = {9E4BBDC4-CFC1-4829-9B96-71A91CA1A224}
	EndProjectSection
EndProject
Project("{9A19103F-16F7-4668-BE54-9A1E7A4F7556}") = "ICT.PL.WebAPI", "ICT.PL.WebAPI\ICT.PL.WebAPI.csproj", "{3B82234D-8430-408A-AA06-71C282EF2B7B}"
EndProject
Project("{9A19103F-16F7-4668-BE54-9A1E7A4F7556}") = "ICT.MM.PL.WebAPI", "ICT.MM.PL.WebAPI\ICT.MM.PL.WebAPI.csproj", "{A8B0DB1C-139B-4AE6-A24D-21949ABD0D41}"
EndProject
Project("{9A19103F-16F7-4668-BE54-9A1E7A4F7556}") = "ICT.Core", "ICT.Core\ICT.Core.csproj", "{B15A5C02-CC85-411C-A572-2B52C96D38B7}"
EndProject
Project("{54A90642-561A-4BB1-A94E-469ADEE60C69}") = "ICT.PL.Web", "ICT.PL.Web\ICT.PL.Web.esproj", "{6B521D8F-CEF2-46FA-87E7-388C8689A776}"
EndProject
Project("{9A19103F-16F7-4668-BE54-9A1E7A4F7556}") = "ICT.MM.Core", "ICT.MM.Core\ICT.MM.Core.csproj", "{9E4BBDC4-CFC1-4829-9B96-71A91CA1A224}"
EndProject
Project("{54A90642-561A-4BB1-A94E-469ADEE60C69}") = "ICT.MM.PL.Web", "ICT.MM.PL.Web\ICT.MM.PL.Web.esproj", "{DDCF6311-697F-4F4A-B1D6-9F07EEC803B5}"
EndProject
Project("{9A19103F-16F7-4668-BE54-9A1E7A4F7556}") = "ICT.BLL", "ICT.BLL\ICT.BLL.csproj", "{6BCDD602-FF67-47EE-9C05-312A3BE103AE}"
EndProject
Project("{9A19103F-16F7-4668-BE54-9A1E7A4F7556}") = "ICT.PL.Tester", "ICT.PL.Tester\ICT.PL.Tester.csproj", "{5DF6537B-F38D-464C-AA8D-047DC4D765F9}"
	ProjectSection(ProjectDependencies) = postProject
		{889184E5-123E-4772-BCE0-771DB499A96B} = {889184E5-123E-4772-BCE0-771DB499A96B}
	EndProjectSection
EndProject
Global
	GlobalSection(SolutionConfigurationPlatforms) = preSolution
		Debug|Any CPU = Debug|Any CPU
		Release|Any CPU = Release|Any CPU
	EndGlobalSection
	GlobalSection(ProjectConfigurationPlatforms) = postSolution
		{3F67C62B-0E49-45B6-953A-EB116523282F}.Debug|Any CPU.ActiveCfg = Debug|Any CPU
		{3F67C62B-0E49-45B6-953A-EB116523282F}.Debug|Any CPU.Build.0 = Debug|Any CPU
		{3F67C62B-0E49-45B6-953A-EB116523282F}.Release|Any CPU.ActiveCfg = Release|Any CPU
		{3F67C62B-0E49-45B6-953A-EB116523282F}.Release|Any CPU.Build.0 = Release|Any CPU
		{889184E5-123E-4772-BCE0-771DB499A96B}.Debug|Any CPU.ActiveCfg = Debug|Any CPU
		{889184E5-123E-4772-BCE0-771DB499A96B}.Debug|Any CPU.Build.0 = Debug|Any CPU
		{889184E5-123E-4772-BCE0-771DB499A96B}.Release|Any CPU.ActiveCfg = Release|Any CPU
		{889184E5-123E-4772-BCE0-771DB499A96B}.Release|Any CPU.Build.0 = Release|Any CPU
		{417A0F2E-8A4B-4673-8C12-3CD33F670BB2}.Debug|Any CPU.ActiveCfg = Debug|Any CPU
		{417A0F2E-8A4B-4673-8C12-3CD33F670BB2}.Debug|Any CPU.Build.0 = Debug|Any CPU
		{417A0F2E-8A4B-4673-8C12-3CD33F670BB2}.Release|Any CPU.ActiveCfg = Release|Any CPU
		{417A0F2E-8A4B-4673-8C12-3CD33F670BB2}.Release|Any CPU.Build.0 = Release|Any CPU
		{3B82234D-8430-408A-AA06-71C282EF2B7B}.Debug|Any CPU.ActiveCfg = Debug|Any CPU
		{3B82234D-8430-408A-AA06-71C282EF2B7B}.Debug|Any CPU.Build.0 = Debug|Any CPU
		{3B82234D-8430-408A-AA06-71C282EF2B7B}.Release|Any CPU.ActiveCfg = Release|Any CPU
		{3B82234D-8430-408A-AA06-71C282EF2B7B}.Release|Any CPU.Build.0 = Release|Any CPU
		{A8B0DB1C-139B-4AE6-A24D-21949ABD0D41}.Debug|Any CPU.ActiveCfg = Debug|Any CPU
		{A8B0DB1C-139B-4AE6-A24D-21949ABD0D41}.Debug|Any CPU.Build.0 = Debug|Any CPU
		{A8B0DB1C-139B-4AE6-A24D-21949ABD0D41}.Release|Any CPU.ActiveCfg = Release|Any CPU
		{A8B0DB1C-139B-4AE6-A24D-21949ABD0D41}.Release|Any CPU.Build.0 = Release|Any CPU
		{B15A5C02-CC85-411C-A572-2B52C96D38B7}.Debug|Any CPU.ActiveCfg = Debug|Any CPU
		{B15A5C02-CC85-411C-A572-2B52C96D38B7}.Debug|Any CPU.Build.0 = Debug|Any CPU
		{B15A5C02-CC85-411C-A572-2B52C96D38B7}.Release|Any CPU.ActiveCfg = Release|Any CPU
		{B15A5C02-CC85-411C-A572-2B52C96D38B7}.Release|Any CPU.Build.0 = Release|Any CPU
		{6B521D8F-CEF2-46FA-87E7-388C8689A776}.Debug|Any CPU.ActiveCfg = Debug|Any CPU
		{6B521D8F-CEF2-46FA-87E7-388C8689A776}.Debug|Any CPU.Build.0 = Debug|Any CPU
		{6B521D8F-CEF2-46FA-87E7-388C8689A776}.Debug|Any CPU.Deploy.0 = Debug|Any CPU
		{6B521D8F-CEF2-46FA-87E7-388C8689A776}.Release|Any CPU.ActiveCfg = Release|Any CPU
		{6B521D8F-CEF2-46FA-87E7-388C8689A776}.Release|Any CPU.Build.0 = Release|Any CPU
		{6B521D8F-CEF2-46FA-87E7-388C8689A776}.Release|Any CPU.Deploy.0 = Release|Any CPU
		{9E4BBDC4-CFC1-4829-9B96-71A91CA1A224}.Debug|Any CPU.ActiveCfg = Debug|Any CPU
		{9E4BBDC4-CFC1-4829-9B96-71A91CA1A224}.Debug|Any CPU.Build.0 = Debug|Any CPU
		{9E4BBDC4-CFC1-4829-9B96-71A91CA1A224}.Release|Any CPU.ActiveCfg = Release|Any CPU
		{9E4BBDC4-CFC1-4829-9B96-71A91CA1A224}.Release|Any CPU.Build.0 = Release|Any CPU
		{DDCF6311-697F-4F4A-B1D6-9F07EEC803B5}.Debug|Any CPU.ActiveCfg = Debug|Any CPU
		{DDCF6311-697F-4F4A-B1D6-9F07EEC803B5}.Debug|Any CPU.Build.0 = Debug|Any CPU
		{DDCF6311-697F-4F4A-B1D6-9F07EEC803B5}.Debug|Any CPU.Deploy.0 = Debug|Any CPU
		{DDCF6311-697F-4F4A-B1D6-9F07EEC803B5}.Release|Any CPU.ActiveCfg = Release|Any CPU
		{DDCF6311-697F-4F4A-B1D6-9F07EEC803B5}.Release|Any CPU.Build.0 = Release|Any CPU
		{DDCF6311-697F-4F4A-B1D6-9F07EEC803B5}.Release|Any CPU.Deploy.0 = Release|Any CPU
		{6BCDD602-FF67-47EE-9C05-312A3BE103AE}.Debug|Any CPU.ActiveCfg = Debug|Any CPU
		{6BCDD602-FF67-47EE-9C05-312A3BE103AE}.Debug|Any CPU.Build.0 = Debug|Any CPU
		{6BCDD602-FF67-47EE-9C05-312A3BE103AE}.Release|Any CPU.ActiveCfg = Release|Any CPU
		{6BCDD602-FF67-47EE-9C05-312A3BE103AE}.Release|Any CPU.Build.0 = Release|Any CPU
		{5DF6537B-F38D-464C-AA8D-047DC4D765F9}.Debug|Any CPU.ActiveCfg = Debug|Any CPU
		{5DF6537B-F38D-464C-AA8D-047DC4D765F9}.Debug|Any CPU.Build.0 = Debug|Any CPU
		{5DF6537B-F38D-464C-AA8D-047DC4D765F9}.Release|Any CPU.ActiveCfg = Release|Any CPU
		{5DF6537B-F38D-464C-AA8D-047DC4D765F9}.Release|Any CPU.Build.0 = Release|Any CPU
	EndGlobalSection
	GlobalSection(SolutionProperties) = preSolution
		HideSolutionNode = FALSE
	EndGlobalSection
	GlobalSection(ExtensibilityGlobals) = postSolution
		SolutionGuid = {8D57965D-8758-4237-827C-AD01F071C6C1}
	EndGlobalSection
EndGlobal
