
Microsoft Visual Studio Solution File, Format Version 12.00
# Visual Studio Version 17
VisualStudioVersion = 17.1.32407.343
MinimumVisualStudioVersion = 10.0.40219.1
Project("{9A19103F-16F7-4668-BE54-9A1E7A4F7556}") = "ICT.MM.DAL.DB", "ICT.MM.DAL.DB\ICT.MM.DAL.DB.csproj", "{889184E5-123E-4772-BCE0-771DB499A96B}"
EndProject
Project("{9A19103F-16F7-4668-BE54-9A1E7A4F7556}") = "ICT.MM.BLL", "ICT.MM.BLL\ICT.MM.BLL.csproj", "{417A0F2E-8A4B-4673-8C12-3CD33F670BB2}"
EndProject
Project("{9A19103F-16F7-4668-BE54-9A1E7A4F7556}") = "ICT.MM.PL.WebAPI", "ICT.MM.PL.WebAPI\ICT.MM.PL.WebAPI.csproj", "{A8B0DB1C-139B-4AE6-A24D-21949ABD0D41}"
EndProject
Project("{9A19103F-16F7-4668-BE54-9A1E7A4F7556}") = "ICT.MM.Core", "ICT.MM.Core\ICT.MM.Core.csproj", "{9E4BBDC4-CFC1-4829-9B96-71A91CA1A224}"
EndProject
Project("{54A90642-561A-4BB1-A94E-469ADEE60C69}") = "ICT.MM.PL.Web", "ICT.MM.PL.Web\ICT.MM.PL.Web.esproj", "{DDCF6311-697F-4F4A-B1D6-9F07EEC803B5}"
	ProjectSection(ProjectDependencies) = postProject
		{A8B0DB1C-139B-4AE6-A24D-21949ABD0D41} = {A8B0DB1C-139B-4AE6-A24D-21949ABD0D41}
		{417A0F2E-8A4B-4673-8C12-3CD33F670BB2} = {417A0F2E-8A4B-4673-8C12-3CD33F670BB2}
		{9E4BBDC4-CFC1-4829-9B96-71A91CA1A224} = {9E4BBDC4-CFC1-4829-9B96-71A91CA1A224}
		{889184E5-123E-4772-BCE0-771DB499A96B} = {889184E5-123E-4772-BCE0-771DB499A96B}
	EndProjectSection
EndProject
Global
	GlobalSection(SolutionConfigurationPlatforms) = preSolution
		Debug|Any CPU = Debug|Any CPU
		Release|Any CPU = Release|Any CPU
	EndGlobalSection
	GlobalSection(ProjectConfigurationPlatforms) = postSolution
		{889184E5-123E-4772-BCE0-771DB499A96B}.Debug|Any CPU.ActiveCfg = Debug|Any CPU
		{889184E5-123E-4772-BCE0-771DB499A96B}.Debug|Any CPU.Build.0 = Debug|Any CPU
		{889184E5-123E-4772-BCE0-771DB499A96B}.Release|Any CPU.ActiveCfg = Release|Any CPU
		{889184E5-123E-4772-BCE0-771DB499A96B}.Release|Any CPU.Build.0 = Release|Any CPU
		{417A0F2E-8A4B-4673-8C12-3CD33F670BB2}.Debug|Any CPU.ActiveCfg = Debug|Any CPU
		{417A0F2E-8A4B-4673-8C12-3CD33F670BB2}.Debug|Any CPU.Build.0 = Debug|Any CPU
		{417A0F2E-8A4B-4673-8C12-3CD33F670BB2}.Release|Any CPU.ActiveCfg = Release|Any CPU
		{417A0F2E-8A4B-4673-8C12-3CD33F670BB2}.Release|Any CPU.Build.0 = Release|Any CPU
		{A8B0DB1C-139B-4AE6-A24D-21949ABD0D41}.Debug|Any CPU.ActiveCfg = Debug|Any CPU
		{A8B0DB1C-139B-4AE6-A24D-21949ABD0D41}.Debug|Any CPU.Build.0 = Debug|Any CPU
		{A8B0DB1C-139B-4AE6-A24D-21949ABD0D41}.Release|Any CPU.ActiveCfg = Release|Any CPU
		{A8B0DB1C-139B-4AE6-A24D-21949ABD0D41}.Release|Any CPU.Build.0 = Release|Any CPU
		{9E4BBDC4-CFC1-4829-9B96-71A91CA1A224}.Debug|Any CPU.ActiveCfg = Debug|Any CPU
		{9E4BBDC4-CFC1-4829-9B96-71A91CA1A224}.Debug|Any CPU.Build.0 = Debug|Any CPU
		{9E4BBDC4-CFC1-4829-9B96-71A91CA1A224}.Release|Any CPU.ActiveCfg = Release|Any CPU
		{9E4BBDC4-CFC1-4829-9B96-71A91CA1A224}.Release|Any CPU.Build.0 = Release|Any CPU
		{DDCF6311-697F-4F4A-B1D6-9F07EEC803B5}.Debug|Any CPU.ActiveCfg = Debug|Any CPU
		{DDCF6311-697F-4F4A-B1D6-9F07EEC803B5}.Debug|Any CPU.Build.0 = Debug|Any CPU
		{DDCF6311-697F-4F4A-B1D6-9F07EEC803B5}.Debug|Any CPU.Deploy.0 = Debug|Any CPU
		{DDCF6311-697F-4F4A-B1D6-9F07EEC803B5}.Release|Any CPU.ActiveCfg = Release|Any CPU
		{DDCF6311-697F-4F4A-B1D6-9F07EEC803B5}.Release|Any CPU.Build.0 = Release|Any CPU
		{DDCF6311-697F-4F4A-B1D6-9F07EEC803B5}.Release|Any CPU.Deploy.0 = Release|Any CPU
	EndGlobalSection
	GlobalSection(SolutionProperties) = preSolution
		HideSolutionNode = FALSE
	EndGlobalSection
	GlobalSection(ExtensibilityGlobals) = postSolution
		SolutionGuid = {8D57965D-8758-4237-827C-AD01F071C6C1}
	EndGlobalSection
EndGlobal
